
Microsoft Visual Studio Solution File, Format Version 12.00
# Visual Studio Version 17
VisualStudioVersion = 17.0.31903.59
MinimumVisualStudioVersion = 10.0.40219.1
Project("{2150E333-8FDC-42A3-9474-1A3956D46DE8}") = "Core", "Core", "{D6959B58-F471-4D9D-9A0E-B4427490EAF5}"
EndProject
Project("{2150E333-8FDC-42A3-9474-1A3956D46DE8}") = "Data", "Data", "{B02B01A8-BBFF-4304-B12F-816660CDBDF5}"
EndProject
Project("{2150E333-8FDC-42A3-9474-1A3956D46DE8}") = "Services", "Services", "{644F0B87-8D25-4344-A860-6FA084D45A95}"
EndProject
Project("{9A19103F-16F7-4668-BE54-9A1E7A4F7556}") = "Kaihatsu.CardManager.Core", "Core\Kaihatsu.CardManager.Core\Kaihatsu.CardManager.Core.csproj", "{2D46DCAB-6FC6-4C1D-8F4E-739112890194}"
EndProject
Project("{9A19103F-16F7-4668-BE54-9A1E7A4F7556}") = "Kaihatsu.CardManager.DAL", "Data\Kaihatsu.CardManager.DAL\Kaihatsu.CardManager.DAL.csproj", "{D5FD28C5-26D4-4B58-AADE-9EB9CFCAA02C}"
EndProject
Project("{9A19103F-16F7-4668-BE54-9A1E7A4F7556}") = "Kaihatsu.CardManager.DAL.Entities", "Data\Kaihatsu.CardManager.DAL.Entities\Kaihatsu.CardManager.DAL.Entities.csproj", "{FCEDE263-0611-4C14-AC1D-C1E8656F43D5}"
EndProject
Project("{9A19103F-16F7-4668-BE54-9A1E7A4F7556}") = "Kaihatsu.CardManager.DAL.MSSQL", "Data\Kaihatsu.CardManager.DAL.MSSQL\Kaihatsu.CardManager.DAL.MSSQL.csproj", "{B2EDE097-8E20-424D-B169-972FEE6AFF6B}"
EndProject
Project("{9A19103F-16F7-4668-BE54-9A1E7A4F7556}") = "Kaihatsu.CardManager.CardAPI", "Services\Kaihatsu.CardManager.CardAPI\Kaihatsu.CardManager.CardAPI.csproj", "{EEB30145-B3CA-4671-96EC-3F69D1174E6D}"
EndProject
Project("{2150E333-8FDC-42A3-9474-1A3956D46DE8}") = "Common", "Common", "{84398DA3-E3AE-4ABE-9213-E926662BF731}"
EndProject
Project("{9A19103F-16F7-4668-BE54-9A1E7A4F7556}") = "Kaihatsu.CardManager.Entities.Dto", "Common\Kaihatsu.CardManager.Entities.Dto\Kaihatsu.CardManager.Entities.Dto.csproj", "{9DC6B69C-5693-4708-AF6E-89CCDFBDF602}"
EndProject
Project("{9A19103F-16F7-4668-BE54-9A1E7A4F7556}") = "Kaihatsu.CardManager.Identity", "Services\Kaihatsu.CardManager.Identity\Kaihatsu.CardManager.Identity.csproj", "{9E477A87-47AA-4B99-BBD7-7620CE881476}"
EndProject
Project("{2150E333-8FDC-42A3-9474-1A3956D46DE8}") = "Other", "Other", "{AF1F96D0-3272-4E3B-99E4-79EBF4B1A08D}"
EndProject
Project("{9A19103F-16F7-4668-BE54-9A1E7A4F7556}") = "Other.Security", "Other\Other.Security\Other.Security.csproj", "{1DB23D11-7955-4FD8-B034-FA407DE0483B}"
EndProject
Project("{9A19103F-16F7-4668-BE54-9A1E7A4F7556}") = "Other.JWT", "Other\Other.JWT\Other.JWT.csproj", "{EAC5B830-7C19-4CE6-89AB-434DBAEF430A}"
EndProject
Project("{9A19103F-16F7-4668-BE54-9A1E7A4F7556}") = "Other.Console", "Other\Other.Console\Other.Console.csproj", "{DF3DDF49-1BE9-4B5D-B1F9-DCDC15DBE228}"
EndProject
Project("{2150E333-8FDC-42A3-9474-1A3956D46DE8}") = "Infrastructure", "Infrastructure", "{18BFB8BA-CC94-45DA-8469-64014ACF6D60}"
EndProject
Project("{9A19103F-16F7-4668-BE54-9A1E7A4F7556}") = "Kaihatsu.CardManager.AutoMapper", "Infrastructure\Kaihatsu.CardManager.AutoMapper\Kaihatsu.CardManager.AutoMapper.csproj", "{513AF79A-7136-407E-AA21-C9BF80867FA4}"
EndProject
Project("{9A19103F-16F7-4668-BE54-9A1E7A4F7556}") = "Kaihatsu.CardManager.FluentValidation", "Infrastructure\Kaihatsu.CardManager.FluentValidation\Kaihatsu.CardManager.FluentValidation.csproj", "{82B21F1C-39D7-48F5-8C03-761DFF74C08C}"
EndProject
Project("{9A19103F-16F7-4668-BE54-9A1E7A4F7556}") = "Kaihatsu.CardManager.Request", "Common\Kaihatsu.CardManager.Request\Kaihatsu.CardManager.Request.csproj", "{D964410B-ED66-43E1-8244-4BDFFC360593}"
EndProject
Project("{9A19103F-16F7-4668-BE54-9A1E7A4F7556}") = "Kaihatsu.CardManager.Response", "Common\Kaihatsu.CardManager.Response\Kaihatsu.CardManager.Response.csproj", "{A19E537B-CBA9-4BA6-9711-AEF4664E0EE3}"
EndProject
Project("{9A19103F-16F7-4668-BE54-9A1E7A4F7556}") = "Kaihatsu.CardManager.CardgRPC", "Services\Kaihatsu.CardManager.CardgRPC\Kaihatsu.CardManager.CardgRPC.csproj", "{8C84EB7D-6A1D-414F-B6C8-AAE0D21C3F19}"
EndProject
Project("{9A19103F-16F7-4668-BE54-9A1E7A4F7556}") = "Kaihatsu.CardManager.CardgRPC.Client", "Services\Kaihatsu.CardManager.CardgRPC.Client\Kaihatsu.CardManager.CardgRPC.Client.csproj", "{7F44E812-B355-43F1-A15C-7F5879D439A6}"
EndProject
Project("{9A19103F-16F7-4668-BE54-9A1E7A4F7556}") = "Other.Search", "Other\Other.Search\Other.Search.csproj", "{06323971-269A-4D82-B0EB-E2D78C42FE99}"
EndProject
Global
	GlobalSection(SolutionConfigurationPlatforms) = preSolution
		Debug|Any CPU = Debug|Any CPU
		Release|Any CPU = Release|Any CPU
	EndGlobalSection
	GlobalSection(ProjectConfigurationPlatforms) = postSolution
		{2D46DCAB-6FC6-4C1D-8F4E-739112890194}.Debug|Any CPU.ActiveCfg = Debug|Any CPU
		{2D46DCAB-6FC6-4C1D-8F4E-739112890194}.Debug|Any CPU.Build.0 = Debug|Any CPU
		{2D46DCAB-6FC6-4C1D-8F4E-739112890194}.Release|Any CPU.ActiveCfg = Release|Any CPU
		{2D46DCAB-6FC6-4C1D-8F4E-739112890194}.Release|Any CPU.Build.0 = Release|Any CPU
		{D5FD28C5-26D4-4B58-AADE-9EB9CFCAA02C}.Debug|Any CPU.ActiveCfg = Debug|Any CPU
		{D5FD28C5-26D4-4B58-AADE-9EB9CFCAA02C}.Debug|Any CPU.Build.0 = Debug|Any CPU
		{D5FD28C5-26D4-4B58-AADE-9EB9CFCAA02C}.Release|Any CPU.ActiveCfg = Release|Any CPU
		{D5FD28C5-26D4-4B58-AADE-9EB9CFCAA02C}.Release|Any CPU.Build.0 = Release|Any CPU
		{FCEDE263-0611-4C14-AC1D-C1E8656F43D5}.Debug|Any CPU.ActiveCfg = Debug|Any CPU
		{FCEDE263-0611-4C14-AC1D-C1E8656F43D5}.Debug|Any CPU.Build.0 = Debug|Any CPU
		{FCEDE263-0611-4C14-AC1D-C1E8656F43D5}.Release|Any CPU.ActiveCfg = Release|Any CPU
		{FCEDE263-0611-4C14-AC1D-C1E8656F43D5}.Release|Any CPU.Build.0 = Release|Any CPU
		{B2EDE097-8E20-424D-B169-972FEE6AFF6B}.Debug|Any CPU.ActiveCfg = Debug|Any CPU
		{B2EDE097-8E20-424D-B169-972FEE6AFF6B}.Debug|Any CPU.Build.0 = Debug|Any CPU
		{B2EDE097-8E20-424D-B169-972FEE6AFF6B}.Release|Any CPU.ActiveCfg = Release|Any CPU
		{B2EDE097-8E20-424D-B169-972FEE6AFF6B}.Release|Any CPU.Build.0 = Release|Any CPU
		{EEB30145-B3CA-4671-96EC-3F69D1174E6D}.Debug|Any CPU.ActiveCfg = Debug|Any CPU
		{EEB30145-B3CA-4671-96EC-3F69D1174E6D}.Debug|Any CPU.Build.0 = Debug|Any CPU
		{EEB30145-B3CA-4671-96EC-3F69D1174E6D}.Release|Any CPU.ActiveCfg = Release|Any CPU
		{EEB30145-B3CA-4671-96EC-3F69D1174E6D}.Release|Any CPU.Build.0 = Release|Any CPU
		{9DC6B69C-5693-4708-AF6E-89CCDFBDF602}.Debug|Any CPU.ActiveCfg = Debug|Any CPU
		{9DC6B69C-5693-4708-AF6E-89CCDFBDF602}.Debug|Any CPU.Build.0 = Debug|Any CPU
		{9DC6B69C-5693-4708-AF6E-89CCDFBDF602}.Release|Any CPU.ActiveCfg = Release|Any CPU
		{9DC6B69C-5693-4708-AF6E-89CCDFBDF602}.Release|Any CPU.Build.0 = Release|Any CPU
		{9E477A87-47AA-4B99-BBD7-7620CE881476}.Debug|Any CPU.ActiveCfg = Debug|Any CPU
		{9E477A87-47AA-4B99-BBD7-7620CE881476}.Debug|Any CPU.Build.0 = Debug|Any CPU
		{9E477A87-47AA-4B99-BBD7-7620CE881476}.Release|Any CPU.ActiveCfg = Release|Any CPU
		{9E477A87-47AA-4B99-BBD7-7620CE881476}.Release|Any CPU.Build.0 = Release|Any CPU
		{1DB23D11-7955-4FD8-B034-FA407DE0483B}.Debug|Any CPU.ActiveCfg = Debug|Any CPU
		{1DB23D11-7955-4FD8-B034-FA407DE0483B}.Debug|Any CPU.Build.0 = Debug|Any CPU
		{1DB23D11-7955-4FD8-B034-FA407DE0483B}.Release|Any CPU.ActiveCfg = Release|Any CPU
		{1DB23D11-7955-4FD8-B034-FA407DE0483B}.Release|Any CPU.Build.0 = Release|Any CPU
		{EAC5B830-7C19-4CE6-89AB-434DBAEF430A}.Debug|Any CPU.ActiveCfg = Debug|Any CPU
		{EAC5B830-7C19-4CE6-89AB-434DBAEF430A}.Debug|Any CPU.Build.0 = Debug|Any CPU
		{EAC5B830-7C19-4CE6-89AB-434DBAEF430A}.Release|Any CPU.ActiveCfg = Release|Any CPU
		{EAC5B830-7C19-4CE6-89AB-434DBAEF430A}.Release|Any CPU.Build.0 = Release|Any CPU
		{DF3DDF49-1BE9-4B5D-B1F9-DCDC15DBE228}.Debug|Any CPU.ActiveCfg = Debug|Any CPU
		{DF3DDF49-1BE9-4B5D-B1F9-DCDC15DBE228}.Debug|Any CPU.Build.0 = Debug|Any CPU
		{DF3DDF49-1BE9-4B5D-B1F9-DCDC15DBE228}.Release|Any CPU.ActiveCfg = Release|Any CPU
		{DF3DDF49-1BE9-4B5D-B1F9-DCDC15DBE228}.Release|Any CPU.Build.0 = Release|Any CPU
		{513AF79A-7136-407E-AA21-C9BF80867FA4}.Debug|Any CPU.ActiveCfg = Debug|Any CPU
		{513AF79A-7136-407E-AA21-C9BF80867FA4}.Debug|Any CPU.Build.0 = Debug|Any CPU
		{513AF79A-7136-407E-AA21-C9BF80867FA4}.Release|Any CPU.ActiveCfg = Release|Any CPU
		{513AF79A-7136-407E-AA21-C9BF80867FA4}.Release|Any CPU.Build.0 = Release|Any CPU
		{82B21F1C-39D7-48F5-8C03-761DFF74C08C}.Debug|Any CPU.ActiveCfg = Debug|Any CPU
		{82B21F1C-39D7-48F5-8C03-761DFF74C08C}.Debug|Any CPU.Build.0 = Debug|Any CPU
		{82B21F1C-39D7-48F5-8C03-761DFF74C08C}.Release|Any CPU.ActiveCfg = Release|Any CPU
		{82B21F1C-39D7-48F5-8C03-761DFF74C08C}.Release|Any CPU.Build.0 = Release|Any CPU
		{D964410B-ED66-43E1-8244-4BDFFC360593}.Debug|Any CPU.ActiveCfg = Debug|Any CPU
		{D964410B-ED66-43E1-8244-4BDFFC360593}.Debug|Any CPU.Build.0 = Debug|Any CPU
		{D964410B-ED66-43E1-8244-4BDFFC360593}.Release|Any CPU.ActiveCfg = Release|Any CPU
		{D964410B-ED66-43E1-8244-4BDFFC360593}.Release|Any CPU.Build.0 = Release|Any CPU
		{A19E537B-CBA9-4BA6-9711-AEF4664E0EE3}.Debug|Any CPU.ActiveCfg = Debug|Any CPU
		{A19E537B-CBA9-4BA6-9711-AEF4664E0EE3}.Debug|Any CPU.Build.0 = Debug|Any CPU
		{A19E537B-CBA9-4BA6-9711-AEF4664E0EE3}.Release|Any CPU.ActiveCfg = Release|Any CPU
		{A19E537B-CBA9-4BA6-9711-AEF4664E0EE3}.Release|Any CPU.Build.0 = Release|Any CPU
		{8C84EB7D-6A1D-414F-B6C8-AAE0D21C3F19}.Debug|Any CPU.ActiveCfg = Debug|Any CPU
		{8C84EB7D-6A1D-414F-B6C8-AAE0D21C3F19}.Debug|Any CPU.Build.0 = Debug|Any CPU
		{8C84EB7D-6A1D-414F-B6C8-AAE0D21C3F19}.Release|Any CPU.ActiveCfg = Release|Any CPU
		{8C84EB7D-6A1D-414F-B6C8-AAE0D21C3F19}.Release|Any CPU.Build.0 = Release|Any CPU
		{7F44E812-B355-43F1-A15C-7F5879D439A6}.Debug|Any CPU.ActiveCfg = Debug|Any CPU
		{7F44E812-B355-43F1-A15C-7F5879D439A6}.Debug|Any CPU.Build.0 = Debug|Any CPU
		{7F44E812-B355-43F1-A15C-7F5879D439A6}.Release|Any CPU.ActiveCfg = Release|Any CPU
		{7F44E812-B355-43F1-A15C-7F5879D439A6}.Release|Any CPU.Build.0 = Release|Any CPU
		{06323971-269A-4D82-B0EB-E2D78C42FE99}.Debug|Any CPU.ActiveCfg = Debug|Any CPU
		{06323971-269A-4D82-B0EB-E2D78C42FE99}.Debug|Any CPU.Build.0 = Debug|Any CPU
		{06323971-269A-4D82-B0EB-E2D78C42FE99}.Release|Any CPU.ActiveCfg = Release|Any CPU
		{06323971-269A-4D82-B0EB-E2D78C42FE99}.Release|Any CPU.Build.0 = Release|Any CPU
	EndGlobalSection
	GlobalSection(SolutionProperties) = preSolution
		HideSolutionNode = FALSE
	EndGlobalSection
	GlobalSection(NestedProjects) = preSolution
		{2D46DCAB-6FC6-4C1D-8F4E-739112890194} = {D6959B58-F471-4D9D-9A0E-B4427490EAF5}
		{D5FD28C5-26D4-4B58-AADE-9EB9CFCAA02C} = {B02B01A8-BBFF-4304-B12F-816660CDBDF5}
		{FCEDE263-0611-4C14-AC1D-C1E8656F43D5} = {B02B01A8-BBFF-4304-B12F-816660CDBDF5}
		{B2EDE097-8E20-424D-B169-972FEE6AFF6B} = {B02B01A8-BBFF-4304-B12F-816660CDBDF5}
		{EEB30145-B3CA-4671-96EC-3F69D1174E6D} = {644F0B87-8D25-4344-A860-6FA084D45A95}
		{9DC6B69C-5693-4708-AF6E-89CCDFBDF602} = {84398DA3-E3AE-4ABE-9213-E926662BF731}
		{9E477A87-47AA-4B99-BBD7-7620CE881476} = {644F0B87-8D25-4344-A860-6FA084D45A95}
		{1DB23D11-7955-4FD8-B034-FA407DE0483B} = {AF1F96D0-3272-4E3B-99E4-79EBF4B1A08D}
		{EAC5B830-7C19-4CE6-89AB-434DBAEF430A} = {AF1F96D0-3272-4E3B-99E4-79EBF4B1A08D}
		{DF3DDF49-1BE9-4B5D-B1F9-DCDC15DBE228} = {AF1F96D0-3272-4E3B-99E4-79EBF4B1A08D}
		{513AF79A-7136-407E-AA21-C9BF80867FA4} = {18BFB8BA-CC94-45DA-8469-64014ACF6D60}
		{82B21F1C-39D7-48F5-8C03-761DFF74C08C} = {18BFB8BA-CC94-45DA-8469-64014ACF6D60}
		{D964410B-ED66-43E1-8244-4BDFFC360593} = {84398DA3-E3AE-4ABE-9213-E926662BF731}
		{A19E537B-CBA9-4BA6-9711-AEF4664E0EE3} = {84398DA3-E3AE-4ABE-9213-E926662BF731}
		{8C84EB7D-6A1D-414F-B6C8-AAE0D21C3F19} = {644F0B87-8D25-4344-A860-6FA084D45A95}
		{7F44E812-B355-43F1-A15C-7F5879D439A6} = {644F0B87-8D25-4344-A860-6FA084D45A95}
		{06323971-269A-4D82-B0EB-E2D78C42FE99} = {AF1F96D0-3272-4E3B-99E4-79EBF4B1A08D}
	EndGlobalSection
	GlobalSection(ExtensibilityGlobals) = postSolution
		SolutionGuid = {8BB22B58-BD86-412E-9596-C9DEA2702EBD}
	EndGlobalSection
EndGlobal
